
Microsoft Visual Studio Solution File, Format Version 12.00
# Visual Studio Version 17
VisualStudioVersion = 17.4.33213.308
MinimumVisualStudioVersion = 10.0.40219.1
Project("{FAE04EC0-301F-11D3-BF4B-00C04F79EFBC}") = "AutoSaleDN", "AutoSaleDN\AutoSaleDN.csproj", "{E0E7FA8F-9D7A-4E40-A0E3-828A6B943026}"
EndProject
Global
	GlobalSection(SolutionConfigurationPlatforms) = preSolution
		Debug|Any CPU = Debug|Any CPU
		Release|Any CPU = Release|Any CPU
	EndGlobalSection
	GlobalSection(ProjectConfigurationPlatforms) = postSolution
		{E0E7FA8F-9D7A-4E40-A0E3-828A6B943026}.Debug|Any CPU.ActiveCfg = Debug|Any CPU
		{E0E7FA8F-9D7A-4E40-A0E3-828A6B943026}.Debug|Any CPU.Build.0 = Debug|Any CPU
		{E0E7FA8F-9D7A-4E40-A0E3-828A6B943026}.Release|Any CPU.ActiveCfg = Release|Any CPU
		{E0E7FA8F-9D7A-4E40-A0E3-828A6B943026}.Release|Any CPU.Build.0 = Release|Any CPU
	EndGlobalSection
	GlobalSection(SolutionProperties) = preSolution
		HideSolutionNode = FALSE
	EndGlobalSection
	GlobalSection(ExtensibilityGlobals) = postSolution
		SolutionGuid = {01D80400-8683-4058-959E-5506609EAE8D}
	EndGlobalSection
EndGlobal
